# THIS IS AN AUTOGENERATED FILE. DO NOT EDIT THIS FILE DIRECTLY.
# yarn lockfile v1


"@types/faker@5.5.9":
  version "5.5.9"
  resolved "https://registry.yarnpkg.com/@types/faker/-/faker-5.5.9.tgz#588ede92186dc557bff8341d294335d50d255f0c"
  integrity sha512-uCx6mP3UY5SIO14XlspxsGjgaemrxpssJI0Ol+GfhxtcKpv9pgRZYsS4eeKeHVLje6Qtc8lGszuBI461+gVZBA==

"@types/google.maps@^3.48.6":
  version "3.48.6"
  resolved "https://registry.yarnpkg.com/@types/google.maps/-/google.maps-3.48.6.tgz#5125eb8257beb031b547acb5a690c24c3cabbf59"
  integrity sha512-ZSx2J50Q9qyHhYVO4UdTvt5sHILzenSCiMbr7bjYNCMBkW/sagHMEDPI3Vjlr9i2tlMHIGoLk6DthWJnqFun/A==

faker@5.5.3:
  version "5.5.3"
  resolved "https://registry.yarnpkg.com/faker/-/faker-5.5.3.tgz#c57974ee484431b25205c2c8dc09fda861e51e0e"
  integrity sha512-wLTv2a28wjUyWkbnX7u/ABZBkUkIF2fCd73V6P2oFqEGEktDfzWx4UxrSqtPRw0xPRAcjeAOIiJWqZm3pP4u3g==

typescript@^4.6.3:
  version "4.6.3"
  resolved "https://registry.yarnpkg.com/typescript/-/typescript-4.6.3.tgz#eefeafa6afdd31d725584c67a0eaba80f6fc6c6c"
  integrity sha512-yNIatDa5iaofVozS/uQJEl3JRWLKKGJKh6Yaiv0GLGSuhpFJe7P3SbHZ8/yjAHRQwKRoA6YZqlfjXWmVzoVSMw==
